
Microsoft Visual Studio Solution File, Format Version 12.00
# Visual Studio 15
VisualStudioVersion = 15.0.28307.421
MinimumVisualStudioVersion = 10.0.40219.1
Project("{FAE04EC0-301F-11D3-BF4B-00C04F79EFBC}") = "Driver and car", "Driver and car\Driver and car.csproj", "{6F37E106-4138-44ED-969E-DD7A7BB1CDB8}"
EndProject
Global
	GlobalSection(SolutionConfigurationPlatforms) = preSolution
		Debug|Any CPU = Debug|Any CPU
		Release|Any CPU = Release|Any CPU
	EndGlobalSection
	GlobalSection(ProjectConfigurationPlatforms) = postSolution
		{6F37E106-4138-44ED-969E-DD7A7BB1CDB8}.Debug|Any CPU.ActiveCfg = Debug|Any CPU
		{6F37E106-4138-44ED-969E-DD7A7BB1CDB8}.Debug|Any CPU.Build.0 = Debug|Any CPU
		{6F37E106-4138-44ED-969E-DD7A7BB1CDB8}.Release|Any CPU.ActiveCfg = Release|Any CPU
		{6F37E106-4138-44ED-969E-DD7A7BB1CDB8}.Release|Any CPU.Build.0 = Release|Any CPU
	EndGlobalSection
	GlobalSection(SolutionProperties) = preSolution
		HideSolutionNode = FALSE
	EndGlobalSection
	GlobalSection(ExtensibilityGlobals) = postSolution
		SolutionGuid = {DB91E81B-233C-4F23-BCE8-86D75EA25885}
	EndGlobalSection
EndGlobal
