
Microsoft Visual Studio Solution File, Format Version 12.00
# Visual Studio 14
VisualStudioVersion = 14.0.25420.1
MinimumVisualStudioVersion = 10.0.40219.1
Project("{FAE04EC0-301F-11D3-BF4B-00C04F79EFBC}") = "Declare variables", "Type in c sharp\Declare variables.csproj", "{AD1A89CC-4B19-4FBC-836F-B7C6E7A95873}"
EndProject
Project("{FAE04EC0-301F-11D3-BF4B-00C04F79EFBC}") = "Hexadecimal system", "Hexadecimal system\Hexadecimal system.csproj", "{12BCFB65-2246-4792-B11B-C8E963037622}"
EndProject
Project("{FAE04EC0-301F-11D3-BF4B-00C04F79EFBC}") = "Hexadecimal_try_2", "Hexadecimal_try_2\Hexadecimal_try_2.csproj", "{BD9A2864-2445-4657-A756-77DBAF91925A}"
EndProject
Project("{FAE04EC0-301F-11D3-BF4B-00C04F79EFBC}") = "String and Object", "String and Object\String and Object.csproj", "{55D02385-19E7-4D69-9F65-F399AB87857E}"
EndProject
Project("{FAE04EC0-301F-11D3-BF4B-00C04F79EFBC}") = "Triangle", "Triangle\Triangle.csproj", "{44AFF0DA-0871-456D-A7C6-1EDDF89ECF18}"
EndProject
Project("{FAE04EC0-301F-11D3-BF4B-00C04F79EFBC}") = "Triangle2", "Triangle2\Triangle2.csproj", "{4F8E2CEC-B4EA-4405-B480-4FA9E6262327}"
EndProject
Project("{FAE04EC0-301F-11D3-BF4B-00C04F79EFBC}") = "Exchanging values", "Exchanging values\Exchanging values.csproj", "{C95F1C39-D824-41F8-92AE-FDA9FAA6CB50}"
EndProject
Project("{FAE04EC0-301F-11D3-BF4B-00C04F79EFBC}") = "Compare Floating", "Compare Floating\Compare Floating.csproj", "{E41891B1-1603-41FD-A140-366A9D34AC9C}"
EndProject
Project("{FAE04EC0-301F-11D3-BF4B-00C04F79EFBC}") = "Printing ASCII table", "Printing ASCII table\Printing ASCII table.csproj", "{C2D9A744-379C-4515-85FD-968390DA71D4}"
EndProject
Global
	GlobalSection(SolutionConfigurationPlatforms) = preSolution
		Debug|Any CPU = Debug|Any CPU
		Release|Any CPU = Release|Any CPU
	EndGlobalSection
	GlobalSection(ProjectConfigurationPlatforms) = postSolution
		{AD1A89CC-4B19-4FBC-836F-B7C6E7A95873}.Debug|Any CPU.ActiveCfg = Debug|Any CPU
		{AD1A89CC-4B19-4FBC-836F-B7C6E7A95873}.Debug|Any CPU.Build.0 = Debug|Any CPU
		{AD1A89CC-4B19-4FBC-836F-B7C6E7A95873}.Release|Any CPU.ActiveCfg = Release|Any CPU
		{AD1A89CC-4B19-4FBC-836F-B7C6E7A95873}.Release|Any CPU.Build.0 = Release|Any CPU
		{12BCFB65-2246-4792-B11B-C8E963037622}.Debug|Any CPU.ActiveCfg = Debug|Any CPU
		{12BCFB65-2246-4792-B11B-C8E963037622}.Debug|Any CPU.Build.0 = Debug|Any CPU
		{12BCFB65-2246-4792-B11B-C8E963037622}.Release|Any CPU.ActiveCfg = Release|Any CPU
		{12BCFB65-2246-4792-B11B-C8E963037622}.Release|Any CPU.Build.0 = Release|Any CPU
		{BD9A2864-2445-4657-A756-77DBAF91925A}.Debug|Any CPU.ActiveCfg = Debug|Any CPU
		{BD9A2864-2445-4657-A756-77DBAF91925A}.Debug|Any CPU.Build.0 = Debug|Any CPU
		{BD9A2864-2445-4657-A756-77DBAF91925A}.Release|Any CPU.ActiveCfg = Release|Any CPU
		{BD9A2864-2445-4657-A756-77DBAF91925A}.Release|Any CPU.Build.0 = Release|Any CPU
		{55D02385-19E7-4D69-9F65-F399AB87857E}.Debug|Any CPU.ActiveCfg = Debug|Any CPU
		{55D02385-19E7-4D69-9F65-F399AB87857E}.Debug|Any CPU.Build.0 = Debug|Any CPU
		{55D02385-19E7-4D69-9F65-F399AB87857E}.Release|Any CPU.ActiveCfg = Release|Any CPU
		{55D02385-19E7-4D69-9F65-F399AB87857E}.Release|Any CPU.Build.0 = Release|Any CPU
		{44AFF0DA-0871-456D-A7C6-1EDDF89ECF18}.Debug|Any CPU.ActiveCfg = Debug|Any CPU
		{44AFF0DA-0871-456D-A7C6-1EDDF89ECF18}.Debug|Any CPU.Build.0 = Debug|Any CPU
		{44AFF0DA-0871-456D-A7C6-1EDDF89ECF18}.Release|Any CPU.ActiveCfg = Release|Any CPU
		{44AFF0DA-0871-456D-A7C6-1EDDF89ECF18}.Release|Any CPU.Build.0 = Release|Any CPU
		{4F8E2CEC-B4EA-4405-B480-4FA9E6262327}.Debug|Any CPU.ActiveCfg = Debug|Any CPU
		{4F8E2CEC-B4EA-4405-B480-4FA9E6262327}.Debug|Any CPU.Build.0 = Debug|Any CPU
		{4F8E2CEC-B4EA-4405-B480-4FA9E6262327}.Release|Any CPU.ActiveCfg = Release|Any CPU
		{4F8E2CEC-B4EA-4405-B480-4FA9E6262327}.Release|Any CPU.Build.0 = Release|Any CPU
		{C95F1C39-D824-41F8-92AE-FDA9FAA6CB50}.Debug|Any CPU.ActiveCfg = Debug|Any CPU
		{C95F1C39-D824-41F8-92AE-FDA9FAA6CB50}.Debug|Any CPU.Build.0 = Debug|Any CPU
		{C95F1C39-D824-41F8-92AE-FDA9FAA6CB50}.Release|Any CPU.ActiveCfg = Release|Any CPU
		{C95F1C39-D824-41F8-92AE-FDA9FAA6CB50}.Release|Any CPU.Build.0 = Release|Any CPU
		{E41891B1-1603-41FD-A140-366A9D34AC9C}.Debug|Any CPU.ActiveCfg = Debug|Any CPU
		{E41891B1-1603-41FD-A140-366A9D34AC9C}.Debug|Any CPU.Build.0 = Debug|Any CPU
		{E41891B1-1603-41FD-A140-366A9D34AC9C}.Release|Any CPU.ActiveCfg = Release|Any CPU
		{E41891B1-1603-41FD-A140-366A9D34AC9C}.Release|Any CPU.Build.0 = Release|Any CPU
		{C2D9A744-379C-4515-85FD-968390DA71D4}.Debug|Any CPU.ActiveCfg = Debug|Any CPU
		{C2D9A744-379C-4515-85FD-968390DA71D4}.Debug|Any CPU.Build.0 = Debug|Any CPU
		{C2D9A744-379C-4515-85FD-968390DA71D4}.Release|Any CPU.ActiveCfg = Release|Any CPU
		{C2D9A744-379C-4515-85FD-968390DA71D4}.Release|Any CPU.Build.0 = Release|Any CPU
	EndGlobalSection
	GlobalSection(SolutionProperties) = preSolution
		HideSolutionNode = FALSE
	EndGlobalSection
EndGlobal
