
Microsoft Visual Studio Solution File, Format Version 12.00
# Visual Studio 15
VisualStudioVersion = 15.0.28307.421
MinimumVisualStudioVersion = 10.0.40219.1
Project("{FAE04EC0-301F-11D3-BF4B-00C04F79EFBC}") = "ClassLibraryCinemaAndMovies", "ClassLibraryCinemaAndMovies\ClassLibraryCinemaAndMovies.csproj", "{473C71F3-9875-4A20-BD7C-2B1C0F71046F}"
EndProject
Project("{FAE04EC0-301F-11D3-BF4B-00C04F79EFBC}") = "CinemaAndMovies", "CinemaAndMovies\CinemaAndMovies.csproj", "{81337C47-CD73-4090-B5D4-27126701071E}"
EndProject
Global
	GlobalSection(SolutionConfigurationPlatforms) = preSolution
		Debug|Any CPU = Debug|Any CPU
		Release|Any CPU = Release|Any CPU
	EndGlobalSection
	GlobalSection(ProjectConfigurationPlatforms) = postSolution
		{473C71F3-9875-4A20-BD7C-2B1C0F71046F}.Debug|Any CPU.ActiveCfg = Debug|Any CPU
		{473C71F3-9875-4A20-BD7C-2B1C0F71046F}.Debug|Any CPU.Build.0 = Debug|Any CPU
		{473C71F3-9875-4A20-BD7C-2B1C0F71046F}.Release|Any CPU.ActiveCfg = Release|Any CPU
		{473C71F3-9875-4A20-BD7C-2B1C0F71046F}.Release|Any CPU.Build.0 = Release|Any CPU
		{81337C47-CD73-4090-B5D4-27126701071E}.Debug|Any CPU.ActiveCfg = Debug|Any CPU
		{81337C47-CD73-4090-B5D4-27126701071E}.Debug|Any CPU.Build.0 = Debug|Any CPU
		{81337C47-CD73-4090-B5D4-27126701071E}.Release|Any CPU.ActiveCfg = Release|Any CPU
		{81337C47-CD73-4090-B5D4-27126701071E}.Release|Any CPU.Build.0 = Release|Any CPU
	EndGlobalSection
	GlobalSection(SolutionProperties) = preSolution
		HideSolutionNode = FALSE
	EndGlobalSection
	GlobalSection(ExtensibilityGlobals) = postSolution
		SolutionGuid = {06AF4970-2AD8-47E2-818B-98A237142D97}
	EndGlobalSection
EndGlobal
