
Microsoft Visual Studio Solution File, Format Version 12.00
# Visual Studio 15
VisualStudioVersion = 15.0.28307.421
MinimumVisualStudioVersion = 10.0.40219.1
Project("{FAE04EC0-301F-11D3-BF4B-00C04F79EFBC}") = "AcademyManagement", "..\AcademyManagement\AcademyManagement.csproj", "{DF762924-1E4B-4CFD-8420-798DCDB07AFD}"
EndProject
Project("{FAE04EC0-301F-11D3-BF4B-00C04F79EFBC}") = "ClassLibrary", "ClassLibrary\ClassLibrary.csproj", "{69D76ACE-89B3-4663-AA22-879A558164ED}"
EndProject
Global
	GlobalSection(SolutionConfigurationPlatforms) = preSolution
		Debug|Any CPU = Debug|Any CPU
		Release|Any CPU = Release|Any CPU
	EndGlobalSection
	GlobalSection(ProjectConfigurationPlatforms) = postSolution
		{DF762924-1E4B-4CFD-8420-798DCDB07AFD}.Debug|Any CPU.ActiveCfg = Debug|Any CPU
		{DF762924-1E4B-4CFD-8420-798DCDB07AFD}.Debug|Any CPU.Build.0 = Debug|Any CPU
		{DF762924-1E4B-4CFD-8420-798DCDB07AFD}.Release|Any CPU.ActiveCfg = Release|Any CPU
		{DF762924-1E4B-4CFD-8420-798DCDB07AFD}.Release|Any CPU.Build.0 = Release|Any CPU
		{69D76ACE-89B3-4663-AA22-879A558164ED}.Debug|Any CPU.ActiveCfg = Debug|Any CPU
		{69D76ACE-89B3-4663-AA22-879A558164ED}.Debug|Any CPU.Build.0 = Debug|Any CPU
		{69D76ACE-89B3-4663-AA22-879A558164ED}.Release|Any CPU.ActiveCfg = Release|Any CPU
		{69D76ACE-89B3-4663-AA22-879A558164ED}.Release|Any CPU.Build.0 = Release|Any CPU
	EndGlobalSection
	GlobalSection(SolutionProperties) = preSolution
		HideSolutionNode = FALSE
	EndGlobalSection
	GlobalSection(ExtensibilityGlobals) = postSolution
		SolutionGuid = {1A7C5047-3F14-4B70-8728-4FA8DEC3EC43}
	EndGlobalSection
EndGlobal
