
Microsoft Visual Studio Solution File, Format Version 12.00
# Visual Studio 15
VisualStudioVersion = 15.0.28307.421
MinimumVisualStudioVersion = 10.0.40219.1
Project("{FAE04EC0-301F-11D3-BF4B-00C04F79EFBC}") = "FuncDelegate", "FuncDelegate\FuncDelegate.csproj", "{E40F305E-DAE7-4C60-85FD-6E1609CFDD0B}"
EndProject
Project("{FAE04EC0-301F-11D3-BF4B-00C04F79EFBC}") = "ActionDelegate", "ActionDelegate\ActionDelegate.csproj", "{6373B6E1-5822-4BA1-B7C0-9131848A0989}"
EndProject
Project("{FAE04EC0-301F-11D3-BF4B-00C04F79EFBC}") = "LambdaExpression", "LambdaExpression\LambdaExpression.csproj", "{948A44A4-15D0-49DF-B83D-6A1F252D57DA}"
EndProject
Project("{FAE04EC0-301F-11D3-BF4B-00C04F79EFBC}") = "Homework", "Homework\Homework.csproj", "{54EF2E12-42F9-44D4-AD1F-17DB9C15E23C}"
EndProject
Global
	GlobalSection(SolutionConfigurationPlatforms) = preSolution
		Debug|Any CPU = Debug|Any CPU
		Release|Any CPU = Release|Any CPU
	EndGlobalSection
	GlobalSection(ProjectConfigurationPlatforms) = postSolution
		{E40F305E-DAE7-4C60-85FD-6E1609CFDD0B}.Debug|Any CPU.ActiveCfg = Debug|Any CPU
		{E40F305E-DAE7-4C60-85FD-6E1609CFDD0B}.Debug|Any CPU.Build.0 = Debug|Any CPU
		{E40F305E-DAE7-4C60-85FD-6E1609CFDD0B}.Release|Any CPU.ActiveCfg = Release|Any CPU
		{E40F305E-DAE7-4C60-85FD-6E1609CFDD0B}.Release|Any CPU.Build.0 = Release|Any CPU
		{6373B6E1-5822-4BA1-B7C0-9131848A0989}.Debug|Any CPU.ActiveCfg = Debug|Any CPU
		{6373B6E1-5822-4BA1-B7C0-9131848A0989}.Debug|Any CPU.Build.0 = Debug|Any CPU
		{6373B6E1-5822-4BA1-B7C0-9131848A0989}.Release|Any CPU.ActiveCfg = Release|Any CPU
		{6373B6E1-5822-4BA1-B7C0-9131848A0989}.Release|Any CPU.Build.0 = Release|Any CPU
		{948A44A4-15D0-49DF-B83D-6A1F252D57DA}.Debug|Any CPU.ActiveCfg = Debug|Any CPU
		{948A44A4-15D0-49DF-B83D-6A1F252D57DA}.Debug|Any CPU.Build.0 = Debug|Any CPU
		{948A44A4-15D0-49DF-B83D-6A1F252D57DA}.Release|Any CPU.ActiveCfg = Release|Any CPU
		{948A44A4-15D0-49DF-B83D-6A1F252D57DA}.Release|Any CPU.Build.0 = Release|Any CPU
		{54EF2E12-42F9-44D4-AD1F-17DB9C15E23C}.Debug|Any CPU.ActiveCfg = Debug|Any CPU
		{54EF2E12-42F9-44D4-AD1F-17DB9C15E23C}.Debug|Any CPU.Build.0 = Debug|Any CPU
		{54EF2E12-42F9-44D4-AD1F-17DB9C15E23C}.Release|Any CPU.ActiveCfg = Release|Any CPU
		{54EF2E12-42F9-44D4-AD1F-17DB9C15E23C}.Release|Any CPU.Build.0 = Release|Any CPU
	EndGlobalSection
	GlobalSection(SolutionProperties) = preSolution
		HideSolutionNode = FALSE
	EndGlobalSection
	GlobalSection(ExtensibilityGlobals) = postSolution
		SolutionGuid = {0E3A1AB7-FD72-488C-B4AA-FFFFF50E575E}
	EndGlobalSection
EndGlobal
